
Microsoft Visual Studio Solution File, Format Version 12.00
# Visual Studio Version 17
VisualStudioVersion = 17.14.37111.16
MinimumVisualStudioVersion = 10.0.40219.1
Project("{FAE04EC0-301F-11D3-BF4B-00C04F79EFBC}") = "EduTrack.Api", "EduTrack.Api.csproj", "{0AC0CD2A-45A5-4DB5-9AAC-513DAAB91E87}"
EndProject
Project("{FAE04EC0-301F-11D3-BF4B-00C04F79EFBC}") = "EduTrack.Frontend", "..\EduTrack.Frontend\EduTrack.Frontend.csproj", "{55CF1F83-2A44-4E67-BD09-266F326A6D56}"
EndProject
Global
	GlobalSection(SolutionConfigurationPlatforms) = preSolution
		Debug|Any CPU = Debug|Any CPU
		Release|Any CPU = Release|Any CPU
	EndGlobalSection
	GlobalSection(ProjectConfigurationPlatforms) = postSolution
		{0AC0CD2A-45A5-4DB5-9AAC-513DAAB91E87}.Debug|Any CPU.ActiveCfg = Debug|Any CPU
		{0AC0CD2A-45A5-4DB5-9AAC-513DAAB91E87}.Debug|Any CPU.Build.0 = Debug|Any CPU
		{0AC0CD2A-45A5-4DB5-9AAC-513DAAB91E87}.Release|Any CPU.ActiveCfg = Release|Any CPU
		{0AC0CD2A-45A5-4DB5-9AAC-513DAAB91E87}.Release|Any CPU.Build.0 = Release|Any CPU
		{55CF1F83-2A44-4E67-BD09-266F326A6D56}.Debug|Any CPU.ActiveCfg = Debug|Any CPU
		{55CF1F83-2A44-4E67-BD09-266F326A6D56}.Debug|Any CPU.Build.0 = Debug|Any CPU
		{55CF1F83-2A44-4E67-BD09-266F326A6D56}.Release|Any CPU.ActiveCfg = Release|Any CPU
		{55CF1F83-2A44-4E67-BD09-266F326A6D56}.Release|Any CPU.Build.0 = Release|Any CPU
	EndGlobalSection
	GlobalSection(SolutionProperties) = preSolution
		HideSolutionNode = FALSE
	EndGlobalSection
	GlobalSection(ExtensibilityGlobals) = postSolution
		SolutionGuid = {BC2CC0E3-A3DC-4D8C-B441-14480C502FB3}
	EndGlobalSection
EndGlobal
